version: 2.0
shards:
  bson:
    git: https://github.com/elbywan/bson.cr.git
    version: 0.3.0

  cryomongo:
    git: https://github.com/elbywan/cryomongo.git
    version: 0.3.3

  db:
    git: https://github.com/crystal-lang/crystal-db.git
    version: 0.10.0

  exception_page:
    git: https://github.com/crystal-loot/exception_page.git
    version: 0.1.4

  html_builder:
    git: https://github.com/crystal-lang/html_builder.git
    version: 0.2.2

  kemal:
    git: https://github.com/kemalcr/kemal.git
    version: 0.27.0+git.commit.f71a83e2c43b963fd2fa2e6fb73b8abf447c17bf

  kilt:
    git: https://github.com/jeromegn/kilt.git
    version: 0.4.0

  radix:
    git: https://github.com/luislavena/radix.git
    version: 0.4.0

